{
  "name": "utility-javascript-app",
  "version": "1.0.0",
  "lockfileVersion": 1,
  "requires": true,
  "dependencies": {
    "any-to-any": {
      "version": "3.0.0",
      "resolved": "https://registry.npmjs.org/any-to-any/-/any-to-any-3.0.0.tgz",
      "integrity": "sha512-FVWY7GKxhddav1FmvskYxTCk6YQR8sCOCZYrPOYo8D+hFNdCMXXAsCTd2Eb3rlzDQyk7Vxr60/fBNonmrXW3Rg=="
    },
    "baseconvert": {
      "version": "1.0.0",
      "resolved": "https://registry.npmjs.org/baseconvert/-/baseconvert-1.0.0.tgz",
      "integrity": "sha1-yJJ3IE/CyZRaMhEsCA9GxM3tKUI="
    },
    "hex-rgb": {
      "version": "4.2.0",
      "resolved": "https://registry.npmjs.org/hex-rgb/-/hex-rgb-4.2.0.tgz",
      "integrity": "sha512-I7DkKeQ2kR2uyqgbxPgNgClH/rfs1ioKZhZW8VTIAirsxCR5EyhYeywgZbhMScgUbKCkgo6bb6JwA0CLTn9beA=="
    },
    "hex2dec": {
      "version": "1.1.2",
      "resolved": "https://registry.npmjs.org/hex2dec/-/hex2dec-1.1.2.tgz",
      "integrity": "sha512-Yu+q/XWr2fFQ11tHxPq4p4EiNkb2y+lAacJNhAdRXVfRIcDH6gi7htWFnnlIzvqHMHoWeIsfXlNAjZInpAOJDA=="
    },
    "js-sha1": {
      "version": "0.6.0",
      "resolved": "https://registry.npmjs.org/js-sha1/-/js-sha1-0.6.0.tgz",
      "integrity": "sha512-01gwBFreYydzmU9BmZxpVk6svJJHrVxEN3IOiGl6VO93bVKYETJ0sIth6DASI6mIFdt7NmfX9UiByRzsYHGU9w=="
    },
    "js-sha256": {
      "version": "0.9.0",
      "resolved": "https://registry.npmjs.org/js-sha256/-/js-sha256-0.9.0.tgz",
      "integrity": "sha512-sga3MHh9sgQN2+pJ9VYZ+1LPwXOxuBJBA5nrR5/ofPfuiJBE2hnjsaN8se8JznOmGLN2p49Pe5U/ttafcs/apA=="
    },
    "js-sha512": {
      "version": "0.8.0",
      "resolved": "https://registry.npmjs.org/js-sha512/-/js-sha512-0.8.0.tgz",
      "integrity": "sha512-PWsmefG6Jkodqt+ePTvBZCSMFgN7Clckjd0O7su3I0+BW2QWUTJNzjktHsztGLhncP2h8mcF9V9Y2Ha59pAViQ=="
    },
    "readline-sync": {
      "version": "1.4.10",
      "resolved": "https://registry.npmjs.org/readline-sync/-/readline-sync-1.4.10.tgz",
      "integrity": "sha512-gNva8/6UAe8QYepIQH/jQ2qn91Qj0B9sYjMBBs3QOB8F2CXcKgLxQaJRP76sWVRQt+QU+8fAkCbCvjjMFu7Ycw=="
    },
    "rgb-hex": {
      "version": "3.0.0",
      "resolved": "https://registry.npmjs.org/rgb-hex/-/rgb-hex-3.0.0.tgz",
      "integrity": "sha512-8h7ZcwxCBDKvchSWbWngJuSCqJGQ6nDuLLg+QcRyQDbX9jMWt+PpPeXAhSla0GOooEomk3lCprUpGkMdsLjKyg=="
    }
  }
}
